
Microsoft Visual Studio Solution File, Format Version 12.00
# Visual Studio Version 17
VisualStudioVersion = 17.3.32901.215
MinimumVisualStudioVersion = 10.0.40219.1
Project("{9A19103F-16F7-4668-BE54-9A1E7A4F7556}") = "minitwit-backend.Test", "minitwit-backend.Test\minitwit-backend.Test.csproj", "{F2037B0E-73B5-417B-991F-49963264DB99}"
EndProject
Project("{9A19103F-16F7-4668-BE54-9A1E7A4F7556}") = "minitwit-backend.API", "minitwit-backend.API\minitwit-backend.API.csproj", "{E3A9F379-724C-499D-9B25-A1D53FF94C7B}"
EndProject
Global
	GlobalSection(SolutionConfigurationPlatforms) = preSolution
		Debug|Any CPU = Debug|Any CPU
		Release|Any CPU = Release|Any CPU
	EndGlobalSection
	GlobalSection(ProjectConfigurationPlatforms) = postSolution
		{F2037B0E-73B5-417B-991F-49963264DB99}.Debug|Any CPU.ActiveCfg = Debug|Any CPU
		{F2037B0E-73B5-417B-991F-49963264DB99}.Debug|Any CPU.Build.0 = Debug|Any CPU
		{F2037B0E-73B5-417B-991F-49963264DB99}.Release|Any CPU.ActiveCfg = Release|Any CPU
		{F2037B0E-73B5-417B-991F-49963264DB99}.Release|Any CPU.Build.0 = Release|Any CPU
		{E3A9F379-724C-499D-9B25-A1D53FF94C7B}.Debug|Any CPU.ActiveCfg = Debug|Any CPU
		{E3A9F379-724C-499D-9B25-A1D53FF94C7B}.Debug|Any CPU.Build.0 = Debug|Any CPU
		{E3A9F379-724C-499D-9B25-A1D53FF94C7B}.Release|Any CPU.ActiveCfg = Release|Any CPU
		{E3A9F379-724C-499D-9B25-A1D53FF94C7B}.Release|Any CPU.Build.0 = Release|Any CPU
	EndGlobalSection
	GlobalSection(SolutionProperties) = preSolution
		HideSolutionNode = FALSE
	EndGlobalSection
	GlobalSection(ExtensibilityGlobals) = postSolution
		SolutionGuid = {549C55B2-080D-4B42-89ED-EB4A03EC5BA4}
	EndGlobalSection
EndGlobal
